PODS:
  - CDAlertView (0.6.0)
  - FadeButton (2.0.0)
  - Gloss (1.2.4)
  - IQKeyboardManagerSwift (4.0.9)
  - ParticlesLoadingView (0.4)
  - RAMAnimatedTabBarController (2.0.13)
  - SDWebImage (4.0.0):
    - SDWebImage/Core (= 4.0.0)
  - SDWebImage/Core (4.0.0)

DEPENDENCIES:
  - CDAlertView
  - FadeButton (~> 2.0)
  - Gloss
  - IQKeyboardManagerSwift
  - ParticlesLoadingView
  - RAMAnimatedTabBarController (~> 2.0.13)
  - SDWebImage

SPEC CHECKSUMS:
  CDAlertView: e6f365fa0fac7349197e7ea4bd7810c069215cf4
  FadeButton: ff59c148ad6bf3b26f8012715ad4aade5f9c0006
  Gloss: 4e036074610fdb993abcb958ebcd7332588e2333
  IQKeyboardManagerSwift: 2eefe6c429b86aa08bfbc1b5c891164d754adf91
  ParticlesLoadingView: 48e27632598bb27f23077fce88974729fca7b1d4
  RAMAnimatedTabBarController: 2510f3b66954c3f77ea1042a35d34df8f5f3b604
  SDWebImage: 76a6348bdc74eb5a55dd08a091ef298e56b55e41

PODFILE CHECKSUM: b33ed4fa0fd9790eb4e9022f485e467247d868f1

COCOAPODS: 1.2.0.beta.1
